
Microsoft Visual Studio Solution File, Format Version 12.00
# Visual Studio Version 16
VisualStudioVersion = 16.0.31205.134
MinimumVisualStudioVersion = 10.0.40219.1
Project("{FAE04EC0-301F-11D3-BF4B-00C04F79EFBC}") = "encuentraMusicos.Android", "encuentraMusicos\encuentraMusicos.Android\encuentraMusicos.Android.csproj", "{B2270AA4-D678-49CE-93A3-8A1D0CE71CA0}"
EndProject
Project("{FAE04EC0-301F-11D3-BF4B-00C04F79EFBC}") = "encuentraMusicos.iOS", "encuentraMusicos\encuentraMusicos.iOS\encuentraMusicos.iOS.csproj", "{1B22555E-516D-4EDA-B1E3-D34E90337D40}"
EndProject
Project("{9A19103F-16F7-4668-BE54-9A1E7A4F7556}") = "encuentraMusicos", "encuentraMusicos\encuentraMusicos\encuentraMusicos.csproj", "{9C43BF1E-2D0F-4E10-AD68-E8DA3465C3D8}"
EndProject
Global
	GlobalSection(SolutionConfigurationPlatforms) = preSolution
		Debug|Any CPU = Debug|Any CPU
		Debug|iPhone = Debug|iPhone
		Debug|iPhoneSimulator = Debug|iPhoneSimulator
		Release|Any CPU = Release|Any CPU
		Release|iPhone = Release|iPhone
		Release|iPhoneSimulator = Release|iPhoneSimulator
	EndGlobalSection
	GlobalSection(ProjectConfigurationPlatforms) = postSolution
		{B2270AA4-D678-49CE-93A3-8A1D0CE71CA0}.Debug|Any CPU.ActiveCfg = Debug|Any CPU
		{B2270AA4-D678-49CE-93A3-8A1D0CE71CA0}.Debug|Any CPU.Build.0 = Debug|Any CPU
		{B2270AA4-D678-49CE-93A3-8A1D0CE71CA0}.Debug|Any CPU.Deploy.0 = Debug|Any CPU
		{B2270AA4-D678-49CE-93A3-8A1D0CE71CA0}.Debug|iPhone.ActiveCfg = Debug|Any CPU
		{B2270AA4-D678-49CE-93A3-8A1D0CE71CA0}.Debug|iPhone.Build.0 = Debug|Any CPU
		{B2270AA4-D678-49CE-93A3-8A1D0CE71CA0}.Debug|iPhone.Deploy.0 = Debug|Any CPU
		{B2270AA4-D678-49CE-93A3-8A1D0CE71CA0}.Debug|iPhoneSimulator.ActiveCfg = Debug|Any CPU
		{B2270AA4-D678-49CE-93A3-8A1D0CE71CA0}.Debug|iPhoneSimulator.Build.0 = Debug|Any CPU
		{B2270AA4-D678-49CE-93A3-8A1D0CE71CA0}.Debug|iPhoneSimulator.Deploy.0 = Debug|Any CPU
		{B2270AA4-D678-49CE-93A3-8A1D0CE71CA0}.Release|Any CPU.ActiveCfg = Release|Any CPU
		{B2270AA4-D678-49CE-93A3-8A1D0CE71CA0}.Release|Any CPU.Build.0 = Release|Any CPU
		{B2270AA4-D678-49CE-93A3-8A1D0CE71CA0}.Release|Any CPU.Deploy.0 = Release|Any CPU
		{B2270AA4-D678-49CE-93A3-8A1D0CE71CA0}.Release|iPhone.ActiveCfg = Release|Any CPU
		{B2270AA4-D678-49CE-93A3-8A1D0CE71CA0}.Release|iPhone.Build.0 = Release|Any CPU
		{B2270AA4-D678-49CE-93A3-8A1D0CE71CA0}.Release|iPhone.Deploy.0 = Release|Any CPU
		{B2270AA4-D678-49CE-93A3-8A1D0CE71CA0}.Release|iPhoneSimulator.ActiveCfg = Release|Any CPU
		{B2270AA4-D678-49CE-93A3-8A1D0CE71CA0}.Release|iPhoneSimulator.Build.0 = Release|Any CPU
		{B2270AA4-D678-49CE-93A3-8A1D0CE71CA0}.Release|iPhoneSimulator.Deploy.0 = Release|Any CPU
		{1B22555E-516D-4EDA-B1E3-D34E90337D40}.Debug|Any CPU.ActiveCfg = Debug|iPhone
		{1B22555E-516D-4EDA-B1E3-D34E90337D40}.Debug|Any CPU.Build.0 = Debug|iPhone
		{1B22555E-516D-4EDA-B1E3-D34E90337D40}.Debug|Any CPU.Deploy.0 = Debug|iPhone
		{1B22555E-516D-4EDA-B1E3-D34E90337D40}.Debug|iPhone.ActiveCfg = Debug|iPhone
		{1B22555E-516D-4EDA-B1E3-D34E90337D40}.Debug|iPhone.Build.0 = Debug|iPhone
		{1B22555E-516D-4EDA-B1E3-D34E90337D40}.Debug|iPhone.Deploy.0 = Debug|iPhone
		{1B22555E-516D-4EDA-B1E3-D34E90337D40}.Debug|iPhoneSimulator.ActiveCfg = Debug|iPhoneSimulator
		{1B22555E-516D-4EDA-B1E3-D34E90337D40}.Debug|iPhoneSimulator.Build.0 = Debug|iPhoneSimulator
		{1B22555E-516D-4EDA-B1E3-D34E90337D40}.Debug|iPhoneSimulator.Deploy.0 = Debug|iPhoneSimulator
		{1B22555E-516D-4EDA-B1E3-D34E90337D40}.Release|Any CPU.ActiveCfg = Release|iPhoneSimulator
		{1B22555E-516D-4EDA-B1E3-D34E90337D40}.Release|Any CPU.Build.0 = Release|iPhoneSimulator
		{1B22555E-516D-4EDA-B1E3-D34E90337D40}.Release|Any CPU.Deploy.0 = Release|iPhoneSimulator
		{1B22555E-516D-4EDA-B1E3-D34E90337D40}.Release|iPhone.ActiveCfg = Release|iPhone
		{1B22555E-516D-4EDA-B1E3-D34E90337D40}.Release|iPhone.Build.0 = Release|iPhone
		{1B22555E-516D-4EDA-B1E3-D34E90337D40}.Release|iPhone.Deploy.0 = Release|iPhone
		{1B22555E-516D-4EDA-B1E3-D34E90337D40}.Release|iPhoneSimulator.ActiveCfg = Release|iPhoneSimulator
		{1B22555E-516D-4EDA-B1E3-D34E90337D40}.Release|iPhoneSimulator.Build.0 = Release|iPhoneSimulator
		{1B22555E-516D-4EDA-B1E3-D34E90337D40}.Release|iPhoneSimulator.Deploy.0 = Release|iPhoneSimulator
		{9C43BF1E-2D0F-4E10-AD68-E8DA3465C3D8}.Debug|Any CPU.ActiveCfg = Debug|Any CPU
		{9C43BF1E-2D0F-4E10-AD68-E8DA3465C3D8}.Debug|Any CPU.Build.0 = Debug|Any CPU
		{9C43BF1E-2D0F-4E10-AD68-E8DA3465C3D8}.Debug|Any CPU.Deploy.0 = Debug|Any CPU
		{9C43BF1E-2D0F-4E10-AD68-E8DA3465C3D8}.Debug|iPhone.ActiveCfg = Debug|Any CPU
		{9C43BF1E-2D0F-4E10-AD68-E8DA3465C3D8}.Debug|iPhone.Build.0 = Debug|Any CPU
		{9C43BF1E-2D0F-4E10-AD68-E8DA3465C3D8}.Debug|iPhone.Deploy.0 = Debug|Any CPU
		{9C43BF1E-2D0F-4E10-AD68-E8DA3465C3D8}.Debug|iPhoneSimulator.ActiveCfg = Debug|Any CPU
		{9C43BF1E-2D0F-4E10-AD68-E8DA3465C3D8}.Debug|iPhoneSimulator.Build.0 = Debug|Any CPU
		{9C43BF1E-2D0F-4E10-AD68-E8DA3465C3D8}.Debug|iPhoneSimulator.Deploy.0 = Debug|Any CPU
		{9C43BF1E-2D0F-4E10-AD68-E8DA3465C3D8}.Release|Any CPU.ActiveCfg = Release|Any CPU
		{9C43BF1E-2D0F-4E10-AD68-E8DA3465C3D8}.Release|Any CPU.Build.0 = Release|Any CPU
		{9C43BF1E-2D0F-4E10-AD68-E8DA3465C3D8}.Release|Any CPU.Deploy.0 = Release|Any CPU
		{9C43BF1E-2D0F-4E10-AD68-E8DA3465C3D8}.Release|iPhone.ActiveCfg = Release|Any CPU
		{9C43BF1E-2D0F-4E10-AD68-E8DA3465C3D8}.Release|iPhone.Build.0 = Release|Any CPU
		{9C43BF1E-2D0F-4E10-AD68-E8DA3465C3D8}.Release|iPhone.Deploy.0 = Release|Any CPU
		{9C43BF1E-2D0F-4E10-AD68-E8DA3465C3D8}.Release|iPhoneSimulator.ActiveCfg = Release|Any CPU
		{9C43BF1E-2D0F-4E10-AD68-E8DA3465C3D8}.Release|iPhoneSimulator.Build.0 = Release|Any CPU
		{9C43BF1E-2D0F-4E10-AD68-E8DA3465C3D8}.Release|iPhoneSimulator.Deploy.0 = Release|Any CPU
	EndGlobalSection
	GlobalSection(SolutionProperties) = preSolution
		HideSolutionNode = FALSE
	EndGlobalSection
	GlobalSection(ExtensibilityGlobals) = postSolution
		SolutionGuid = {C367C35B-F79F-47BF-93AB-25589E5DBDDC}
	EndGlobalSection
EndGlobal
